// !$*UTF8*$!
{
	archiveVersion = 1;
	classes = {
	};
	objectVersion = 55;
	objects = {

/* Begin PBXBuildFile section */
		2B618B3328ECD5A100494388 /* ValidationView.swift in Sources */ = {isa = PBXBuildFile; fileRef = 2B618B3228ECD5A100494388 /* ValidationView.swift */; };
		2B77A32D28EBB07200ECCC33 /* AppDelegate.swift in Sources */ = {isa = PBXBuildFile; fileRef = 2B77A32C28EBB07200ECCC33 /* AppDelegate.swift */; };
		2B77A33128EBB07200ECCC33 /* ViewController.swift in Sources */ = {isa = PBXBuildFile; fileRef = 2B77A33028EBB07200ECCC33 /* ViewController.swift */; };
		2B77A33628EBB07500ECCC33 /* Assets.xcassets in Resources */ = {isa = PBXBuildFile; fileRef = 2B77A33528EBB07500ECCC33 /* Assets.xcassets */; };
		2B77A33928EBB07500ECCC33 /* LaunchScreen.storyboard in Resources */ = {isa = PBXBuildFile; fileRef = 2B77A33728EBB07500ECCC33 /* LaunchScreen.storyboard */; };
		2B77A34228EBCECE00ECCC33 /* passwordFieldVC.swift in Sources */ = {isa = PBXBuildFile; fileRef = 2B77A34128EBCECE00ECCC33 /* passwordFieldVC.swift */; };
		2B9FF84328EF9AB400AF4B77 /* passwordResetTests.swift in Sources */ = {isa = PBXBuildFile; fileRef = 2B9FF84228EF9AB400AF4B77 /* passwordResetTests.swift */; };
/* End PBXBuildFile section */

/* Begin PBXContainerItemProxy section */
		2B9FF84428EF9AB400AF4B77 /* PBXContainerItemProxy */ = {
			isa = PBXContainerItemProxy;
			containerPortal = 2B77A32128EBB07200ECCC33 /* Project object */;
			proxyType = 1;
			remoteGlobalIDString = 2B77A32828EBB07200ECCC33;
			remoteInfo = passwordReset;
		};
/* End PBXContainerItemProxy section */

/* Begin PBXFileReference section */
		2B618B3228ECD5A100494388 /* ValidationView.swift */ = {isa = PBXFileReference; lastKnownFileType = sourcecode.swift; path = ValidationView.swift; sourceTree = "<group>"; };
		2B77A32928EBB07200ECCC33 /* passwordReset.app */ = {isa = PBXFileReference; explicitFileType = wrapper.application; includeInIndex = 0; path = passwordReset.app; sourceTree = BUILT_PRODUCTS_DIR; };
		2B77A32C28EBB07200ECCC33 /* AppDelegate.swift */ = {isa = PBXFileReference; lastKnownFileType = sourcecode.swift; path = AppDelegate.swift; sourceTree = "<group>"; };
		2B77A33028EBB07200ECCC33 /* ViewController.swift */ = {isa = PBXFileReference; lastKnownFileType = sourcecode.swift; path = ViewController.swift; sourceTree = "<group>"; };
		2B77A33528EBB07500ECCC33 /* Assets.xcassets */ = {isa = PBXFileReference; lastKnownFileType = folder.assetcatalog; path = Assets.xcassets; sourceTree = "<group>"; };
		2B77A33828EBB07500ECCC33 /* Base */ = {isa = PBXFileReference; lastKnownFileType = file.storyboard; name = Base; path = Base.lproj/LaunchScreen.storyboard; sourceTree = "<group>"; };
		2B77A33A28EBB07500ECCC33 /* Info.plist */ = {isa = PBXFileReference; lastKnownFileType = text.plist.xml; path = Info.plist; sourceTree = "<group>"; };
		2B77A34128EBCECE00ECCC33 /* passwordFieldVC.swift */ = {isa = PBXFileReference; lastKnownFileType = sourcecode.swift; path = passwordFieldVC.swift; sourceTree = "<group>"; };
		2B9FF84028EF9AB400AF4B77 /* passwordResetTests.xctest */ = {isa = PBXFileReference; explicitFileType = wrapper.cfbundle; includeInIndex = 0; path = passwordResetTests.xctest; sourceTree = BUILT_PRODUCTS_DIR; };
		2B9FF84228EF9AB400AF4B77 /* passwordResetTests.swift */ = {isa = PBXFileReference; lastKnownFileType = sourcecode.swift; path = passwordResetTests.swift; sourceTree = "<group>"; };
/* End PBXFileReference section */

/* Begin PBXFrameworksBuildPhase section */
		2B77A32628EBB07200ECCC33 /* Frameworks */ = {
			isa = PBXFrameworksBuildPhase;
			buildActionMask = 2147483647;
			files = (
			);
			runOnlyForDeploymentPostprocessing = 0;
		};
		2B9FF83D28EF9AB400AF4B77 /* Frameworks */ = {
			isa = PBXFrameworksBuildPhase;
			buildActionMask = 2147483647;
			files = (
			);
			runOnlyForDeploymentPostprocessing = 0;
		};
/* End PBXFrameworksBuildPhase section */

/* Begin PBXGroup section */
		2B77A32028EBB07200ECCC33 = {
			isa = PBXGroup;
			children = (
				2B77A32B28EBB07200ECCC33 /* passwordReset */,
				2B9FF84128EF9AB400AF4B77 /* passwordResetTests */,
				2B77A32A28EBB07200ECCC33 /* Products */,
			);
			sourceTree = "<group>";
		};
		2B77A32A28EBB07200ECCC33 /* Products */ = {
			isa = PBXGroup;
			children = (
				2B77A32928EBB07200ECCC33 /* passwordReset.app */,
				2B9FF84028EF9AB400AF4B77 /* passwordResetTests.xctest */,
			);
			name = Products;
			sourceTree = "<group>";
		};
		2B77A32B28EBB07200ECCC33 /* passwordReset */ = {
			isa = PBXGroup;
			children = (
				2B77A32C28EBB07200ECCC33 /* AppDelegate.swift */,
				2B77A33028EBB07200ECCC33 /* ViewController.swift */,
				2B77A34028EBB30600ECCC33 /* Files */,
				2B77A34128EBCECE00ECCC33 /* passwordFieldVC.swift */,
				2B618B3228ECD5A100494388 /* ValidationView.swift */,
			);
			path = passwordReset;
			sourceTree = "<group>";
		};
		2B77A34028EBB30600ECCC33 /* Files */ = {
			isa = PBXGroup;
			children = (
				2B77A33528EBB07500ECCC33 /* Assets.xcassets */,
				2B77A33728EBB07500ECCC33 /* LaunchScreen.storyboard */,
				2B77A33A28EBB07500ECCC33 /* Info.plist */,
			);
			name = Files;
			sourceTree = "<group>";
		};
		2B9FF84128EF9AB400AF4B77 /* passwordResetTests */ = {
			isa = PBXGroup;
			children = (
				2B9FF84228EF9AB400AF4B77 /* passwordResetTests.swift */,
			);
			path = passwordResetTests;
			sourceTree = "<group>";
		};
/* End PBXGroup section */

/* Begin PBXNativeTarget section */
		2B77A32828EBB07200ECCC33 /* passwordReset */ = {
			isa = PBXNativeTarget;
			buildConfigurationList = 2B77A33D28EBB07500ECCC33 /* Build configuration list for PBXNativeTarget "passwordReset" */;
			buildPhases = (
				2B77A32528EBB07200ECCC33 /* Sources */,
				2B77A32628EBB07200ECCC33 /* Frameworks */,
				2B77A32728EBB07200ECCC33 /* Resources */,
			);
			buildRules = (
			);
			dependencies = (
			);
			name = passwordReset;
			productName = passwordReset;
			productReference = 2B77A32928EBB07200ECCC33 /* passwordReset.app */;
			productType = "com.apple.product-type.application";
		};
		2B9FF83F28EF9AB400AF4B77 /* passwordResetTests */ = {
			isa = PBXNativeTarget;
			buildConfigurationList = 2B9FF84828EF9AB400AF4B77 /* Build configuration list for PBXNativeTarget "passwordResetTests" */;
			buildPhases = (
				2B9FF83C28EF9AB400AF4B77 /* Sources */,
				2B9FF83D28EF9AB400AF4B77 /* Frameworks */,
				2B9FF83E28EF9AB400AF4B77 /* Resources */,
			);
			buildRules = (
			);
			dependencies = (
				2B9FF84528EF9AB400AF4B77 /* PBXTargetDependency */,
			);
			name = passwordResetTests;
			productName = passwordResetTests;
			productReference = 2B9FF84028EF9AB400AF4B77 /* passwordResetTests.xctest */;
			productType = "com.apple.product-type.bundle.unit-test";
		};
/* End PBXNativeTarget section */

/* Begin PBXProject section */
		2B77A32128EBB07200ECCC33 /* Project object */ = {
			isa = PBXProject;
			attributes = {
				BuildIndependentTargetsInParallel = 1;
				LastSwiftUpdateCheck = 1330;
				LastUpgradeCheck = 1330;
				TargetAttributes = {
					2B77A32828EBB07200ECCC33 = {
						CreatedOnToolsVersion = 13.3.1;
					};
					2B9FF83F28EF9AB400AF4B77 = {
						CreatedOnToolsVersion = 13.3.1;
						TestTargetID = 2B77A32828EBB07200ECCC33;
					};
				};
			};
			buildConfigurationList = 2B77A32428EBB07200ECCC33 /* Build configuration list for PBXProject "passwordReset" */;
			compatibilityVersion = "Xcode 13.0";
			developmentRegion = en;
			hasScannedForEncodings = 0;
			knownRegions = (
				en,
				Base,
			);
			mainGroup = 2B77A32028EBB07200ECCC33;
			productRefGroup = 2B77A32A28EBB07200ECCC33 /* Products */;
			projectDirPath = "";
			projectRoot = "";
			targets = (
				2B77A32828EBB07200ECCC33 /* passwordReset */,
				2B9FF83F28EF9AB400AF4B77 /* passwordResetTests */,
			);
		};
/* End PBXProject section */

/* Begin PBXResourcesBuildPhase section */
		2B77A32728EBB07200ECCC33 /* Resources */ = {
			isa = PBXResourcesBuildPhase;
			buildActionMask = 2147483647;
			files = (
				2B77A33928EBB07500ECCC33 /* LaunchScreen.storyboard in Resources */,
				2B77A33628EBB07500ECCC33 /* Assets.xcassets in Resources */,
			);
			runOnlyForDeploymentPostprocessing = 0;
		};
		2B9FF83E28EF9AB400AF4B77 /* Resources */ = {
			isa = PBXResourcesBuildPhase;
			buildActionMask = 2147483647;
			files = (
			);
			runOnlyForDeploymentPostprocessing = 0;
		};
/* End PBXResourcesBuildPhase section */

/* Begin PBXSourcesBuildPhase section */
		2B77A32528EBB07200ECCC33 /* Sources */ = {
			isa = PBXSourcesBuildPhase;
			buildActionMask = 2147483647;
			files = (
				2B77A33128EBB07200ECCC33 /* ViewController.swift in Sources */,
				2B618B3328ECD5A100494388 /* ValidationView.swift in Sources */,
				2B77A32D28EBB07200ECCC33 /* AppDelegate.swift in Sources */,
				2B77A34228EBCECE00ECCC33 /* passwordFieldVC.swift in Sources */,
			);
			runOnlyForDeploymentPostprocessing = 0;
		};
		2B9FF83C28EF9AB400AF4B77 /* Sources */ = {
			isa = PBXSourcesBuildPhase;
			buildActionMask = 2147483647;
			files = (
				2B9FF84328EF9AB400AF4B77 /* passwordResetTests.swift in Sources */,
			);
			runOnlyForDeploymentPostprocessing = 0;
		};
/* End PBXSourcesBuildPhase section */

/* Begin PBXTargetDependency section */
		2B9FF84528EF9AB400AF4B77 /* PBXTargetDependency */ = {
			isa = PBXTargetDependency;
			target = 2B77A32828EBB07200ECCC33 /* passwordReset */;
			targetProxy = 2B9FF84428EF9AB400AF4B77 /* PBXContainerItemProxy */;
		};
/* End PBXTargetDependency section */

/* Begin PBXVariantGroup section */
		2B77A33728EBB07500ECCC33 /* LaunchScreen.storyboard */ = {
			isa = PBXVariantGroup;
			children = (
				2B77A33828EBB07500ECCC33 /* Base */,
			);
			name = LaunchScreen.storyboard;
			sourceTree = "<group>";
		};
/* End PBXVariantGroup section */

/* Begin XCBuildConfiguration section */
		2B77A33B28EBB07500ECCC33 /* Debug */ = {
			isa = XCBuildConfiguration;
			buildSettings = {
				ALWAYS_SEARCH_USER_PATHS = NO;
				CLANG_ANALYZER_NONNULL = YES;
				CLANG_ANALYZER_NUMBER_OBJECT_CONVERSION = YES_AGGRESSIVE;
				CLANG_CXX_LANGUAGE_STANDARD = "gnu++17";
				CLANG_ENABLE_MODULES = YES;
				CLANG_ENABLE_OBJC_ARC = YES;
				CLANG_ENABLE_OBJC_WEAK = YES;
				CLANG_WARN_BLOCK_CAPTURE_AUTORELEASING = YES;
				CLANG_WARN_BOOL_CONVERSION = YES;
				CLANG_WARN_COMMA = YES;
				CLANG_WARN_CONSTANT_CONVERSION = YES;
				CLANG_WARN_DEPRECATED_OBJC_IMPLEMENTATIONS = YES;
				CLANG_WARN_DIRECT_OBJC_ISA_USAGE = YES_ERROR;
				CLANG_WARN_DOCUMENTATION_COMMENTS = YES;
				CLANG_WARN_EMPTY_BODY = YES;
				CLANG_WARN_ENUM_CONVERSION = YES;
				CLANG_WARN_INFINITE_RECURSION = YES;
				CLANG_WARN_INT_CONVERSION = YES;
				CLANG_WARN_NON_LITERAL_NULL_CONVERSION = YES;
				CLANG_WARN_OBJC_IMPLICIT_RETAIN_SELF = YES;
				CLANG_WARN_OBJC_LITERAL_CONVERSION = YES;
				CLANG_WARN_OBJC_ROOT_CLASS = YES_ERROR;
				CLANG_WARN_QUOTED_INCLUDE_IN_FRAMEWORK_HEADER = YES;
				CLANG_WARN_RANGE_LOOP_ANALYSIS = YES;
				CLANG_WARN_STRICT_PROTOTYPES = YES;
				CLANG_WARN_SUSPICIOUS_MOVE = YES;
				CLANG_WARN_UNGUARDED_AVAILABILITY = YES_AGGRESSIVE;
				CLANG_WARN_UNREACHABLE_CODE = YES;
				CLANG_WARN__DUPLICATE_METHOD_MATCH = YES;
				COPY_PHASE_STRIP = NO;
				DEBUG_INFORMATION_FORMAT = dwarf;
				ENABLE_STRICT_OBJC_MSGSEND = YES;
				ENABLE_TESTABILITY = YES;
				GCC_C_LANGUAGE_STANDARD = gnu11;
				GCC_DYNAMIC_NO_PIC = NO;
				GCC_NO_COMMON_BLOCKS = YES;
				GCC_OPTIMIZATION_LEVEL = 0;
				GCC_PREPROCESSOR_DEFINITIONS = (
					"DEBUG=1",
					"$(inherited)",
				);
				GCC_WARN_64_TO_32_BIT_CONVERSION = YES;
				GCC_WARN_ABOUT_RETURN_TYPE = YES_ERROR;
				GCC_WARN_UNDECLARED_SELECTOR = YES;
				GCC_WARN_UNINITIALIZED_AUTOS = YES_AGGRESSIVE;
				GCC_WARN_UNUSED_FUNCTION = YES;
				GCC_WARN_UNUSED_VARIABLE = YES;
				IPHONEOS_DEPLOYMENT_TARGET = 15.4;
				MTL_ENABLE_DEBUG_INFO = INCLUDE_SOURCE;
				MTL_FAST_MATH = YES;
				ONLY_ACTIVE_ARCH = YES;
				SDKROOT = iphoneos;
				SWIFT_ACTIVE_COMPILATION_CONDITIONS = DEBUG;
				SWIFT_OPTIMIZATION_LEVEL = "-Onone";
			};
			name = Debug;
		};
		2B77A33C28EBB07500ECCC33 /* Release */ = {
			isa = XCBuildConfiguration;
			buildSettings = {
				ALWAYS_SEARCH_USER_PATHS = NO;
				CLANG_ANALYZER_NONNULL = YES;
				CLANG_ANALYZER_NUMBER_OBJECT_CONVERSION = YES_AGGRESSIVE;
				CLANG_CXX_LANGUAGE_STANDARD = "gnu++17";
				CLANG_ENABLE_MODULES = YES;
				CLANG_ENABLE_OBJC_ARC = YES;
				CLANG_ENABLE_OBJC_WEAK = YES;
				CLANG_WARN_BLOCK_CAPTURE_AUTORELEASING = YES;
				CLANG_WARN_BOOL_CONVERSION = YES;
				CLANG_WARN_COMMA = YES;
				CLANG_WARN_CONSTANT_CONVERSION = YES;
				CLANG_WARN_DEPRECATED_OBJC_IMPLEMENTATIONS = YES;
				CLANG_WARN_DIRECT_OBJC_ISA_USAGE = YES_ERROR;
				CLANG_WARN_DOCUMENTATION_COMMENTS = YES;
				CLANG_WARN_EMPTY_BODY = YES;
				CLANG_WARN_ENUM_CONVERSION = YES;
				CLANG_WARN_INFINITE_RECURSION = YES;
				CLANG_WARN_INT_CONVERSION = YES;
				CLANG_WARN_NON_LITERAL_NULL_CONVERSION = YES;
				CLANG_WARN_OBJC_IMPLICIT_RETAIN_SELF = YES;
				CLANG_WARN_OBJC_LITERAL_CONVERSION = YES;
				CLANG_WARN_OBJC_ROOT_CLASS = YES_ERROR;
				CLANG_WARN_QUOTED_INCLUDE_IN_FRAMEWORK_HEADER = YES;
				CLANG_WARN_RANGE_LOOP_ANALYSIS = YES;
				CLANG_WARN_STRICT_PROTOTYPES = YES;
				CLANG_WARN_SUSPICIOUS_MOVE = YES;
				CLANG_WARN_UNGUARDED_AVAILABILITY = YES_AGGRESSIVE;
				CLANG_WARN_UNREACHABLE_CODE = YES;
				CLANG_WARN__DUPLICATE_METHOD_MATCH = YES;
				COPY_PHASE_STRIP = NO;
				DEBUG_INFORMATION_FORMAT = "dwarf-with-dsym";
				ENABLE_NS_ASSERTIONS = NO;
				ENABLE_STRICT_OBJC_MSGSEND = YES;
				GCC_C_LANGUAGE_STANDARD = gnu11;
				GCC_NO_COMMON_BLOCKS = YES;
				GCC_WARN_64_TO_32_BIT_CONVERSION = YES;
				GCC_WARN_ABOUT_RETURN_TYPE = YES_ERROR;
				GCC_WARN_UNDECLARED_SELECTOR = YES;
				GCC_WARN_UNINITIALIZED_AUTOS = YES_AGGRESSIVE;
				GCC_WARN_UNUSED_FUNCTION = YES;
				GCC_WARN_UNUSED_VARIABLE = YES;
				IPHONEOS_DEPLOYMENT_TARGET = 15.4;
				MTL_ENABLE_DEBUG_INFO = NO;
				MTL_FAST_MATH = YES;
				SDKROOT = iphoneos;
				SWIFT_COMPILATION_MODE = wholemodule;
				SWIFT_OPTIMIZATION_LEVEL = "-O";
				VALIDATE_PRODUCT = YES;
			};
			name = Release;
		};
		2B77A33E28EBB07500ECCC33 /* Debug */ = {
			isa = XCBuildConfiguration;
			buildSettings = {
				ASSETCATALOG_COMPILER_APPICON_NAME = AppIcon;
				ASSETCATALOG_COMPILER_GLOBAL_ACCENT_COLOR_NAME = AccentColor;
				CODE_SIGN_STYLE = Automatic;
				CURRENT_PROJECT_VERSION = 1;
				DEVELOPMENT_TEAM = PW3S5ZUAAT;
				GENERATE_INFOPLIST_FILE = YES;
				INFOPLIST_FILE = passwordReset/Info.plist;
				INFOPLIST_KEY_UIApplicationSupportsIndirectInputEvents = YES;
				INFOPLIST_KEY_UILaunchStoryboardName = LaunchScreen;
				INFOPLIST_KEY_UISupportedInterfaceOrientations_iPad = "UIInterfaceOrientationPortrait UIInterfaceOrientationPortraitUpsideDown UIInterfaceOrientationLandscapeLeft UIInterfaceOrientationLandscapeRight";
				INFOPLIST_KEY_UISupportedInterfaceOrientations_iPhone = "UIInterfaceOrientationPortrait UIInterfaceOrientationLandscapeLeft UIInterfaceOrientationLandscapeRight";
				LD_RUNPATH_SEARCH_PATHS = (
					"$(inherited)",
					"@executable_path/Frameworks",
				);
				MARKETING_VERSION = 1.0;
				PRODUCT_BUNDLE_IDENTIFIER = enterprises.aureus.passwordReset;
				PRODUCT_NAME = "$(TARGET_NAME)";
				SWIFT_EMIT_LOC_STRINGS = YES;
				SWIFT_VERSION = 5.0;
				TARGETED_DEVICE_FAMILY = "1,2";
			};
			name = Debug;
		};
		2B77A33F28EBB07500ECCC33 /* Release */ = {
			isa = XCBuildConfiguration;
			buildSettings = {
				ASSETCATALOG_COMPILER_APPICON_NAME = AppIcon;
				ASSETCATALOG_COMPILER_GLOBAL_ACCENT_COLOR_NAME = AccentColor;
				CODE_SIGN_STYLE = Automatic;
				CURRENT_PROJECT_VERSION = 1;
				DEVELOPMENT_TEAM = PW3S5ZUAAT;
				GENERATE_INFOPLIST_FILE = YES;
				INFOPLIST_FILE = passwordReset/Info.plist;
				INFOPLIST_KEY_UIApplicationSupportsIndirectInputEvents = YES;
				INFOPLIST_KEY_UILaunchStoryboardName = LaunchScreen;
				INFOPLIST_KEY_UISupportedInterfaceOrientations_iPad = "UIInterfaceOrientationPortrait UIInterfaceOrientationPortraitUpsideDown UIInterfaceOrientationLandscapeLeft UIInterfaceOrientationLandscapeRight";
				INFOPLIST_KEY_UISupportedInterfaceOrientations_iPhone = "UIInterfaceOrientationPortrait UIInterfaceOrientationLandscapeLeft UIInterfaceOrientationLandscapeRight";
				LD_RUNPATH_SEARCH_PATHS = (
					"$(inherited)",
					"@executable_path/Frameworks",
				);
				MARKETING_VERSION = 1.0;
				PRODUCT_BUNDLE_IDENTIFIER = enterprises.aureus.passwordReset;
				PRODUCT_NAME = "$(TARGET_NAME)";
				SWIFT_EMIT_LOC_STRINGS = YES;
				SWIFT_VERSION = 5.0;
				TARGETED_DEVICE_FAMILY = "1,2";
			};
			name = Release;
		};
		2B9FF84628EF9AB400AF4B77 /* Debug */ = {
			isa = XCBuildConfiguration;
			buildSettings = {
				BUNDLE_LOADER = "$(TEST_HOST)";
				CODE_SIGN_STYLE = Automatic;
				CURRENT_PROJECT_VERSION = 1;
				DEVELOPMENT_TEAM = PW3S5ZUAAT;
				GENERATE_INFOPLIST_FILE = YES;
				MARKETING_VERSION = 1.0;
				PRODUCT_BUNDLE_IDENTIFIER = enterprises.aureus.passwordResetTests;
				PRODUCT_NAME = "$(TARGET_NAME)";
				SWIFT_EMIT_LOC_STRINGS = NO;
				SWIFT_VERSION = 5.0;
				TARGETED_DEVICE_FAMILY = "1,2";
				TEST_HOST = "$(BUILT_PRODUCTS_DIR)/passwordReset.app/passwordReset";
			};
			name = Debug;
		};
		2B9FF84728EF9AB400AF4B77 /* Release */ = {
			isa = XCBuildConfiguration;
			buildSettings = {
				BUNDLE_LOADER = "$(TEST_HOST)";
				CODE_SIGN_STYLE = Automatic;
				CURRENT_PROJECT_VERSION = 1;
				DEVELOPMENT_TEAM = PW3S5ZUAAT;
				GENERATE_INFOPLIST_FILE = YES;
				MARKETING_VERSION = 1.0;
				PRODUCT_BUNDLE_IDENTIFIER = enterprises.aureus.passwordResetTests;
				PRODUCT_NAME = "$(TARGET_NAME)";
				SWIFT_EMIT_LOC_STRINGS = NO;
				SWIFT_VERSION = 5.0;
				TARGETED_DEVICE_FAMILY = "1,2";
				TEST_HOST = "$(BUILT_PRODUCTS_DIR)/passwordReset.app/passwordReset";
			};
			name = Release;
		};
/* End XCBuildConfiguration section */

/* Begin XCConfigurationList section */
		2B77A32428EBB07200ECCC33 /* Build configuration list for PBXProject "passwordReset" */ = {
			isa = XCConfigurationList;
			buildConfigurations = (
				2B77A33B28EBB07500ECCC33 /* Debug */,
				2B77A33C28EBB07500ECCC33 /* Release */,
			);
			defaultConfigurationIsVisible = 0;
			defaultConfigurationName = Release;
		};
		2B77A33D28EBB07500ECCC33 /* Build configuration list for PBXNativeTarget "passwordReset" */ = {
			isa = XCConfigurationList;
			buildConfigurations = (
				2B77A33E28EBB07500ECCC33 /* Debug */,
				2B77A33F28EBB07500ECCC33 /* Release */,
			);
			defaultConfigurationIsVisible = 0;
			defaultConfigurationName = Release;
		};
		2B9FF84828EF9AB400AF4B77 /* Build configuration list for PBXNativeTarget "passwordResetTests" */ = {
			isa = XCConfigurationList;
			buildConfigurations = (
				2B9FF84628EF9AB400AF4B77 /* Debug */,
				2B9FF84728EF9AB400AF4B77 /* Release */,
			);
			defaultConfigurationIsVisible = 0;
			defaultConfigurationName = Release;
		};
/* End XCConfigurationList section */
	};
	rootObject = 2B77A32128EBB07200ECCC33 /* Project object */;
}
